
Microsoft Visual Studio Solution File, Format Version 12.00
# Visual Studio Version 17
VisualStudioVersion = 17.5.33530.505
MinimumVisualStudioVersion = 10.0.40219.1
Project("{FAE04EC0-301F-11D3-BF4B-00C04F79EFBC}") = "OrderDetails", "OrderDetails.csproj", "{19C546BC-45CF-4555-8475-DC74B16BCB3A}"
EndProject
Global
	GlobalSection(SolutionConfigurationPlatforms) = preSolution
		Debug|Any CPU = Debug|Any CPU
		Release|Any CPU = Release|Any CPU
	EndGlobalSection
	GlobalSection(ProjectConfigurationPlatforms) = postSolution
		{19C546BC-45CF-4555-8475-DC74B16BCB3A}.Debug|Any CPU.ActiveCfg = Debug|Any CPU
		{19C546BC-45CF-4555-8475-DC74B16BCB3A}.Debug|Any CPU.Build.0 = Debug|Any CPU
		{19C546BC-45CF-4555-8475-DC74B16BCB3A}.Release|Any CPU.ActiveCfg = Release|Any CPU
		{19C546BC-45CF-4555-8475-DC74B16BCB3A}.Release|Any CPU.Build.0 = Release|Any CPU
	EndGlobalSection
	GlobalSection(SolutionProperties) = preSolution
		HideSolutionNode = FALSE
	EndGlobalSection
	GlobalSection(ExtensibilityGlobals) = postSolution
		SolutionGuid = {3535B2A0-D2E7-421D-92E7-B9D2F40E560A}
	EndGlobalSection
EndGlobal
